PODS:
  - AzureCommunicationCalling (2.10.0-beta.1):
    - AzureCommunicationCommon (~> 1.0)
  - AzureCommunicationCommon (1.2.0)

DEPENDENCIES:
  - AzureCommunicationCalling (= 2.10.0-beta.1)

SPEC REPOS:
  trunk:
    - AzureCommunicationCalling
    - AzureCommunicationCommon

SPEC CHECKSUMS:
  AzureCommunicationCalling: 40d8b52b7d11ac901bcd813cde4f4fe327943007
  AzureCommunicationCommon: 130a21be2be889f83dc4adbf994af6285f962de8

PODFILE CHECKSUM: a40b89afd4e357aa646ea6999f0bbfe276778272

COCOAPODS: 1.15.2
